
Microsoft Visual Studio Solution File, Format Version 12.00
# Visual Studio Version 16
VisualStudioVersion = 16.0.29215.179
MinimumVisualStudioVersion = 10.0.40219.1
Project("{8BC9CEB8-8B4A-11D0-8D11-00A0C91BC942}") = "HelloWorld", "HelloWorld\HelloWorld.vcxproj", "{86AE8B0A-3D31-47D8-A9A1-8F5ADF4674A7}"
EndProject
Project("{8BC9CEB8-8B4A-11D0-8D11-00A0C91BC942}") = "AutoVariable", "AutoVariable\AutoVariable.vcxproj", "{A0E1DD8D-72E3-4ED5-8490-0D4419E3F86F}"
EndProject
Project("{2150E333-8FDC-42A3-9474-1A3956D46DE8}") = "01_CPP", "01_CPP", "{A829AA39-A0C1-4A4A-94CB-E2D162EA8CC3}"
	ProjectSection(SolutionItems) = preProject
		SeePlusPlus.txt = SeePlusPlus.txt
	EndProjectSection
EndProject
Project("{2150E333-8FDC-42A3-9474-1A3956D46DE8}") = "02_VisualStudio", "02_VisualStudio", "{D2058A0D-09FB-43E8-ADCB-33DD8CEB940F}"
	ProjectSection(SolutionItems) = preProject
		ReadMe.txt = ReadMe.txt
	EndProjectSection
EndProject
Project("{2150E333-8FDC-42A3-9474-1A3956D46DE8}") = "03_HelloWorld", "03_HelloWorld", "{6BCF9F93-9064-4FD8-9ABA-7F43400C849E}"
EndProject
Project("{8BC9CEB8-8B4A-11D0-8D11-00A0C91BC942}") = "기호상수", "기호상수\기호상수.vcxproj", "{56902D4D-AFAB-44E9-9C22-03D6676967BF}"
EndProject
Project("{8BC9CEB8-8B4A-11D0-8D11-00A0C91BC942}") = "04_01_기본출력문", "기본출력문\기본출력문.vcxproj", "{30CDFD03-5D37-46D5-BD00-DBFA3300DB52}"
EndProject
Project("{2150E333-8FDC-42A3-9474-1A3956D46DE8}") = "04_Syntax", "04_Syntax", "{D7FF18CF-D334-46BB-A057-0F1AD778658C}"
EndProject
Project("{8BC9CEB8-8B4A-11D0-8D11-00A0C91BC942}") = "짝수의합", "짝수의합\짝수의합.vcxproj", "{4E593C95-BD22-428B-96D0-A99A801DCB4A}"
EndProject
Project("{2150E333-8FDC-42A3-9474-1A3956D46DE8}") = "05_Variable", "05_Variable", "{0DC79EB8-E171-4BA3-9FD8-FB339CC81F4F}"
EndProject
Project("{2150E333-8FDC-42A3-9474-1A3956D46DE8}") = "06_Number", "06_Number", "{AC549C44-78EB-4F06-858F-D3C454AEDB51}"
EndProject
Project("{2150E333-8FDC-42A3-9474-1A3956D46DE8}") = "07_BoolCharString", "07_BoolCharString", "{79FEF35E-B870-4E39-96E0-6D3D7B1531E9}"
EndProject
Project("{2150E333-8FDC-42A3-9474-1A3956D46DE8}") = "08_Input", "08_Input", "{8A660852-423F-41FC-B7FD-2F8BCF137F01}"
EndProject
Project("{2150E333-8FDC-42A3-9474-1A3956D46DE8}") = "09_Operator", "09_Operator", "{58866EBA-0B7E-481D-85F5-6C31134857B8}"
EndProject
Project("{2150E333-8FDC-42A3-9474-1A3956D46DE8}") = "10_AssignmentIncrement", "10_AssignmentIncrement", "{523373AC-B677-43C1-B79B-0B4763F0716A}"
EndProject
Project("{8BC9CEB8-8B4A-11D0-8D11-00A0C91BC942}") = "CharTest", "CharTest\CharTest.vcxproj", "{933123EE-211F-477D-A2D9-16FA9AB08FE1}"
EndProject
Project("{8BC9CEB8-8B4A-11D0-8D11-00A0C91BC942}") = "기본입력문", "기본입력문\기본입력문.vcxproj", "{D77B18E4-1140-43BD-AFD3-80AD3D7463E2}"
EndProject
Project("{2150E333-8FDC-42A3-9474-1A3956D46DE8}") = "11_RelationalLogical", "11_RelationalLogical", "{18C5F707-D9DF-42A6-8C9F-545DD898CF1F}"
EndProject
Project("{2150E333-8FDC-42A3-9474-1A3956D46DE8}") = "12_BitAndShift", "12_BitAndShift", "{3014DE06-3045-42EB-AF67-872D2BEABDF5}"
EndProject
Project("{2150E333-8FDC-42A3-9474-1A3956D46DE8}") = "13_ConditionalOperator", "13_ConditionalOperator", "{C45A363D-64CC-4611-B09A-C2E62BF522EA}"
EndProject
Project("{8BC9CEB8-8B4A-11D0-8D11-00A0C91BC942}") = "상수", "상수\상수.vcxproj", "{70A781BA-B6AD-4F7F-91E3-EF4A69A5943E}"
EndProject
Project("{2150E333-8FDC-42A3-9474-1A3956D46DE8}") = "14_If", "14_If", "{1E688F47-7F1B-49E0-8C3C-F21CE9C0DED9}"
EndProject
Project("{2150E333-8FDC-42A3-9474-1A3956D46DE8}") = "15_Else", "15_Else", "{D66250DF-9D04-4FCE-99BB-2EA7FECBFD53}"
EndProject
Project("{2150E333-8FDC-42A3-9474-1A3956D46DE8}") = "16_Switch", "16_Switch", "{E506A57A-8362-47D2-8FB6-B1227D83F83A}"
EndProject
Project("{2150E333-8FDC-42A3-9474-1A3956D46DE8}") = "17_For", "17_For", "{157A680F-086D-4232-943B-C992542AF5C7}"
EndProject
Project("{2150E333-8FDC-42A3-9474-1A3956D46DE8}") = "18_WhileDoForEach", "18_WhileDoForEach", "{07AB582E-3FD5-43F9-BAC5-609DF4274BF6}"
EndProject
Project("{2150E333-8FDC-42A3-9474-1A3956D46DE8}") = "19_BreakContinueGoto", "19_BreakContinueGoto", "{C5E0577C-DBF1-43E6-81BF-20E47812EC26}"
EndProject
Project("{8BC9CEB8-8B4A-11D0-8D11-00A0C91BC942}") = "BreakInfiniteLoop", "BreakInfiniteLoop\BreakInfiniteLoop.vcxproj", "{CDF36204-5DF0-4518-AA6A-5DF1CE842879}"
EndProject
Project("{2150E333-8FDC-42A3-9474-1A3956D46DE8}") = "20_Array", "20_Array", "{B27238B4-DC6D-4B28-A0CD-B424A79AE6D3}"
EndProject
Project("{2150E333-8FDC-42A3-9474-1A3956D46DE8}") = "21_Function", "21_Function", "{489636AE-91D4-427E-8E08-56EC8BAF3B75}"
EndProject
Project("{2150E333-8FDC-42A3-9474-1A3956D46DE8}") = "22_Interactive", "22_Interactive", "{0CC5F7B9-0325-4AE3-8E98-29296117A479}"
	ProjectSection(SolutionItems) = preProject
		복습.txt = 복습.txt
	EndProjectSection
EndProject
Project("{2150E333-8FDC-42A3-9474-1A3956D46DE8}") = "23_API", "23_API", "{16EF45EE-DC3D-4634-AC51-E40C67E6CA7F}"
EndProject
Project("{2150E333-8FDC-42A3-9474-1A3956D46DE8}") = "24_Struct", "24_Struct", "{77B309BA-4F7D-4841-AB21-8BB51E71BF14}"
EndProject
Project("{2150E333-8FDC-42A3-9474-1A3956D46DE8}") = "25_Enum", "25_Enum", "{234DAED4-F2B6-4487-885B-80C52949D1ED}"
EndProject
Project("{2150E333-8FDC-42A3-9474-1A3956D46DE8}") = "26_Class", "26_Class", "{0C15C214-265B-4AA9-AC51-A6D7507B4DB5}"
EndProject
Project("{2150E333-8FDC-42A3-9474-1A3956D46DE8}") = "27_String", "27_String", "{3CB20DB4-7E1D-4CC2-8AD6-04C73BEBBB1E}"
EndProject
Project("{2150E333-8FDC-42A3-9474-1A3956D46DE8}") = "28_Exception", "28_Exception", "{04D92844-0CFF-48EF-B2E1-5A604E9014CD}"
EndProject
Project("{2150E333-8FDC-42A3-9474-1A3956D46DE8}") = "29_Collection", "29_Collection", "{9962A372-E898-4217-A484-F8E3C95EB086}"
EndProject
Project("{2150E333-8FDC-42A3-9474-1A3956D46DE8}") = "30_GenericClass", "30_GenericClass", "{6611BF09-AD23-4713-997F-243255B5154E}"
EndProject
Project("{2150E333-8FDC-42A3-9474-1A3956D46DE8}") = "31_LINQ", "31_LINQ", "{ED29ABCB-CDE1-46A5-85F7-309366C26C78}"
EndProject
Project("{2150E333-8FDC-42A3-9474-1A3956D46DE8}") = "32_Algorithms", "32_Algorithms", "{B03F6451-2679-46EB-8095-F9EFA46C081F}"
EndProject
Project("{2150E333-8FDC-42A3-9474-1A3956D46DE8}") = "33_ClassAndObject", "33_ClassAndObject", "{C9C24873-FFF2-424C-AB14-07009F6949A3}"
EndProject
Project("{2150E333-8FDC-42A3-9474-1A3956D46DE8}") = "34_Namespace", "34_Namespace", "{532798CC-0534-480B-9C4A-D846512AF7CC}"
EndProject
Project("{2150E333-8FDC-42A3-9474-1A3956D46DE8}") = "35_Field", "35_Field", "{4F460A25-F1C6-4CCE-84D4-1B6FDB91BCD1}"
EndProject
Project("{2150E333-8FDC-42A3-9474-1A3956D46DE8}") = "36_Constructor", "36_Constructor", "{3ECBA3ED-7606-4088-84E4-911BCBF667A8}"
EndProject
Project("{8BC9CEB8-8B4A-11D0-8D11-00A0C91BC942}") = "ConstructorToDestructor", "ConstructorToDestructor\ConstructorToDestructor.vcxproj", "{F4BA804D-86FC-4188-B70A-B163E46626E3}"
EndProject
Project("{2150E333-8FDC-42A3-9474-1A3956D46DE8}") = "37_Destructor", "37_Destructor", "{CE3C5A61-E9CB-4B62-A651-A634332126CE}"
EndProject
Project("{2150E333-8FDC-42A3-9474-1A3956D46DE8}") = "38_Method", "38_Method", "{46C05CBD-5575-414D-96AF-C8E32661F1F0}"
EndProject
Project("{2150E333-8FDC-42A3-9474-1A3956D46DE8}") = "39_Property", "39_Property", "{A4FB9217-388C-4C3B-8799-630CC869407D}"
EndProject
Project("{2150E333-8FDC-42A3-9474-1A3956D46DE8}") = "40_Indexer", "40_Indexer", "{0C58CBBD-8D21-492B-BFE9-B7C0DBD0C3ED}"
EndProject
Project("{2150E333-8FDC-42A3-9474-1A3956D46DE8}") = "41_Delegate", "41_Delegate", "{D4EEE6BB-5BD9-405E-8168-4595EFC30E64}"
EndProject
Project("{2150E333-8FDC-42A3-9474-1A3956D46DE8}") = "42_Event", "42_Event", "{36091D27-A829-47BC-8D60-001F52E6C43E}"
EndProject
Project("{2150E333-8FDC-42A3-9474-1A3956D46DE8}") = "43_ClassEtc", "43_ClassEtc", "{8EB38263-D26D-4E8E-B0D6-2E14B7AD4EB5}"
EndProject
Project("{2150E333-8FDC-42A3-9474-1A3956D46DE8}") = "44_Inheritance", "44_Inheritance", "{0283693A-EA35-44A3-8547-C450543FF793}"
EndProject
Project("{2150E333-8FDC-42A3-9474-1A3956D46DE8}") = "45_Override", "45_Override", "{5BBDB71B-1063-4CAE-9877-9F432FCC0C85}"
EndProject
Project("{2150E333-8FDC-42A3-9474-1A3956D46DE8}") = "46_Interface", "46_Interface", "{679587B3-8B7E-452E-A86B-0A076B4225C8}"
EndProject
Project("{2150E333-8FDC-42A3-9474-1A3956D46DE8}") = "47_AbstractAndInterface", "47_AbstractAndInterface", "{7F88EA47-87FD-4DD3-A672-E4989EBC6628}"
EndProject
Project("{2150E333-8FDC-42A3-9474-1A3956D46DE8}") = "48_Attribute", "48_Attribute", "{4210A67E-D483-4359-8ADF-DC69BC92021E}"
EndProject
Project("{2150E333-8FDC-42A3-9474-1A3956D46DE8}") = "49_OOP", "49_OOP", "{3CFADC85-960A-42C5-BEF5-CF80D9B91F9F}"
EndProject
Project("{2150E333-8FDC-42A3-9474-1A3956D46DE8}") = "50_Generic", "50_Generic", "{AE88875E-DA1A-4547-9269-0860CE766FB4}"
EndProject
Project("{2150E333-8FDC-42A3-9474-1A3956D46DE8}") = "51_ExtensionMethod", "51_ExtensionMethod", "{9F0D7483-0A0B-4724-A5B7-DAACA93BDBDA}"
EndProject
Project("{2150E333-8FDC-42A3-9474-1A3956D46DE8}") = "52_Dynamic", "52_Dynamic", "{CC1DA917-C061-42CE-B252-75B3E57461EA}"
EndProject
Project("{2150E333-8FDC-42A3-9474-1A3956D46DE8}") = "53_IO", "53_IO", "{CE3A0096-A5A5-4D60-9044-383763C98699}"
EndProject
Project("{2150E333-8FDC-42A3-9474-1A3956D46DE8}") = "54_Tuple", "54_Tuple", "{DE244C14-B27F-4599-BE13-5802B46C132F}"
EndProject
Project("{2150E333-8FDC-42A3-9474-1A3956D46DE8}") = "55_InMemory", "55_InMemory", "{F51D89D3-A8A1-4952-8BC6-451CC79C5CB6}"
EndProject
Project("{2150E333-8FDC-42A3-9474-1A3956D46DE8}") = "56_XmlAndJSON", "56_XmlAndJSON", "{C2C57186-2440-4621-8838-2F2A64D4F122}"
EndProject
Project("{2150E333-8FDC-42A3-9474-1A3956D46DE8}") = "57_Functional", "57_Functional", "{5AC05BC5-34F1-429B-ABB1-41B036658A26}"
EndProject
Project("{2150E333-8FDC-42A3-9474-1A3956D46DE8}") = "58_Modern", "58_Modern", "{EB7246BC-9CB5-411E-83F2-0B8A5B5B8022}"
EndProject
Project("{2150E333-8FDC-42A3-9474-1A3956D46DE8}") = "59_ClassLibrary", "59_ClassLibrary", "{D62E2BAF-6249-49CB-B5BA-FC5885A1EC59}"
EndProject
Project("{2150E333-8FDC-42A3-9474-1A3956D46DE8}") = "60_TestProject", "60_TestProject", "{0686EEF2-F916-4AD8-9638-773D09174689}"
EndProject
Project("{2150E333-8FDC-42A3-9474-1A3956D46DE8}") = "61_NuGet", "61_NuGet", "{AEB748A8-5D02-445C-B983-B6E301A3316D}"
EndProject
Project("{2150E333-8FDC-42A3-9474-1A3956D46DE8}") = "62_TODO", "62_TODO", "{C1427C0D-2B27-4915-ABD6-8E28145A7B56}"
EndProject
Global
	GlobalSection(SolutionConfigurationPlatforms) = preSolution
		Debug|x64 = Debug|x64
		Debug|x86 = Debug|x86
		Release|x64 = Release|x64
		Release|x86 = Release|x86
	EndGlobalSection
	GlobalSection(ProjectConfigurationPlatforms) = postSolution
		{86AE8B0A-3D31-47D8-A9A1-8F5ADF4674A7}.Debug|x64.ActiveCfg = Debug|x64
		{86AE8B0A-3D31-47D8-A9A1-8F5ADF4674A7}.Debug|x64.Build.0 = Debug|x64
		{86AE8B0A-3D31-47D8-A9A1-8F5ADF4674A7}.Debug|x86.ActiveCfg = Debug|Win32
		{86AE8B0A-3D31-47D8-A9A1-8F5ADF4674A7}.Debug|x86.Build.0 = Debug|Win32
		{86AE8B0A-3D31-47D8-A9A1-8F5ADF4674A7}.Release|x64.ActiveCfg = Release|x64
		{86AE8B0A-3D31-47D8-A9A1-8F5ADF4674A7}.Release|x64.Build.0 = Release|x64
		{86AE8B0A-3D31-47D8-A9A1-8F5ADF4674A7}.Release|x86.ActiveCfg = Release|Win32
		{86AE8B0A-3D31-47D8-A9A1-8F5ADF4674A7}.Release|x86.Build.0 = Release|Win32
		{A0E1DD8D-72E3-4ED5-8490-0D4419E3F86F}.Debug|x64.ActiveCfg = Debug|x64
		{A0E1DD8D-72E3-4ED5-8490-0D4419E3F86F}.Debug|x64.Build.0 = Debug|x64
		{A0E1DD8D-72E3-4ED5-8490-0D4419E3F86F}.Debug|x86.ActiveCfg = Debug|Win32
		{A0E1DD8D-72E3-4ED5-8490-0D4419E3F86F}.Debug|x86.Build.0 = Debug|Win32
		{A0E1DD8D-72E3-4ED5-8490-0D4419E3F86F}.Release|x64.ActiveCfg = Release|x64
		{A0E1DD8D-72E3-4ED5-8490-0D4419E3F86F}.Release|x64.Build.0 = Release|x64
		{A0E1DD8D-72E3-4ED5-8490-0D4419E3F86F}.Release|x86.ActiveCfg = Release|Win32
		{A0E1DD8D-72E3-4ED5-8490-0D4419E3F86F}.Release|x86.Build.0 = Release|Win32
		{56902D4D-AFAB-44E9-9C22-03D6676967BF}.Debug|x64.ActiveCfg = Debug|x64
		{56902D4D-AFAB-44E9-9C22-03D6676967BF}.Debug|x64.Build.0 = Debug|x64
		{56902D4D-AFAB-44E9-9C22-03D6676967BF}.Debug|x86.ActiveCfg = Debug|Win32
		{56902D4D-AFAB-44E9-9C22-03D6676967BF}.Debug|x86.Build.0 = Debug|Win32
		{56902D4D-AFAB-44E9-9C22-03D6676967BF}.Release|x64.ActiveCfg = Release|x64
		{56902D4D-AFAB-44E9-9C22-03D6676967BF}.Release|x64.Build.0 = Release|x64
		{56902D4D-AFAB-44E9-9C22-03D6676967BF}.Release|x86.ActiveCfg = Release|Win32
		{56902D4D-AFAB-44E9-9C22-03D6676967BF}.Release|x86.Build.0 = Release|Win32
		{30CDFD03-5D37-46D5-BD00-DBFA3300DB52}.Debug|x64.ActiveCfg = Debug|x64
		{30CDFD03-5D37-46D5-BD00-DBFA3300DB52}.Debug|x64.Build.0 = Debug|x64
		{30CDFD03-5D37-46D5-BD00-DBFA3300DB52}.Debug|x86.ActiveCfg = Debug|Win32
		{30CDFD03-5D37-46D5-BD00-DBFA3300DB52}.Debug|x86.Build.0 = Debug|Win32
		{30CDFD03-5D37-46D5-BD00-DBFA3300DB52}.Release|x64.ActiveCfg = Release|x64
		{30CDFD03-5D37-46D5-BD00-DBFA3300DB52}.Release|x64.Build.0 = Release|x64
		{30CDFD03-5D37-46D5-BD00-DBFA3300DB52}.Release|x86.ActiveCfg = Release|Win32
		{30CDFD03-5D37-46D5-BD00-DBFA3300DB52}.Release|x86.Build.0 = Release|Win32
		{4E593C95-BD22-428B-96D0-A99A801DCB4A}.Debug|x64.ActiveCfg = Debug|x64
		{4E593C95-BD22-428B-96D0-A99A801DCB4A}.Debug|x64.Build.0 = Debug|x64
		{4E593C95-BD22-428B-96D0-A99A801DCB4A}.Debug|x86.ActiveCfg = Debug|Win32
		{4E593C95-BD22-428B-96D0-A99A801DCB4A}.Debug|x86.Build.0 = Debug|Win32
		{4E593C95-BD22-428B-96D0-A99A801DCB4A}.Release|x64.ActiveCfg = Release|x64
		{4E593C95-BD22-428B-96D0-A99A801DCB4A}.Release|x64.Build.0 = Release|x64
		{4E593C95-BD22-428B-96D0-A99A801DCB4A}.Release|x86.ActiveCfg = Release|Win32
		{4E593C95-BD22-428B-96D0-A99A801DCB4A}.Release|x86.Build.0 = Release|Win32
		{933123EE-211F-477D-A2D9-16FA9AB08FE1}.Debug|x64.ActiveCfg = Debug|x64
		{933123EE-211F-477D-A2D9-16FA9AB08FE1}.Debug|x64.Build.0 = Debug|x64
		{933123EE-211F-477D-A2D9-16FA9AB08FE1}.Debug|x86.ActiveCfg = Debug|Win32
		{933123EE-211F-477D-A2D9-16FA9AB08FE1}.Debug|x86.Build.0 = Debug|Win32
		{933123EE-211F-477D-A2D9-16FA9AB08FE1}.Release|x64.ActiveCfg = Release|x64
		{933123EE-211F-477D-A2D9-16FA9AB08FE1}.Release|x64.Build.0 = Release|x64
		{933123EE-211F-477D-A2D9-16FA9AB08FE1}.Release|x86.ActiveCfg = Release|Win32
		{933123EE-211F-477D-A2D9-16FA9AB08FE1}.Release|x86.Build.0 = Release|Win32
		{D77B18E4-1140-43BD-AFD3-80AD3D7463E2}.Debug|x64.ActiveCfg = Debug|x64
		{D77B18E4-1140-43BD-AFD3-80AD3D7463E2}.Debug|x64.Build.0 = Debug|x64
		{D77B18E4-1140-43BD-AFD3-80AD3D7463E2}.Debug|x86.ActiveCfg = Debug|Win32
		{D77B18E4-1140-43BD-AFD3-80AD3D7463E2}.Debug|x86.Build.0 = Debug|Win32
		{D77B18E4-1140-43BD-AFD3-80AD3D7463E2}.Release|x64.ActiveCfg = Release|x64
		{D77B18E4-1140-43BD-AFD3-80AD3D7463E2}.Release|x64.Build.0 = Release|x64
		{D77B18E4-1140-43BD-AFD3-80AD3D7463E2}.Release|x86.ActiveCfg = Release|Win32
		{D77B18E4-1140-43BD-AFD3-80AD3D7463E2}.Release|x86.Build.0 = Release|Win32
		{70A781BA-B6AD-4F7F-91E3-EF4A69A5943E}.Debug|x64.ActiveCfg = Debug|x64
		{70A781BA-B6AD-4F7F-91E3-EF4A69A5943E}.Debug|x64.Build.0 = Debug|x64
		{70A781BA-B6AD-4F7F-91E3-EF4A69A5943E}.Debug|x86.ActiveCfg = Debug|Win32
		{70A781BA-B6AD-4F7F-91E3-EF4A69A5943E}.Debug|x86.Build.0 = Debug|Win32
		{70A781BA-B6AD-4F7F-91E3-EF4A69A5943E}.Release|x64.ActiveCfg = Release|x64
		{70A781BA-B6AD-4F7F-91E3-EF4A69A5943E}.Release|x64.Build.0 = Release|x64
		{70A781BA-B6AD-4F7F-91E3-EF4A69A5943E}.Release|x86.ActiveCfg = Release|Win32
		{70A781BA-B6AD-4F7F-91E3-EF4A69A5943E}.Release|x86.Build.0 = Release|Win32
		{CDF36204-5DF0-4518-AA6A-5DF1CE842879}.Debug|x64.ActiveCfg = Debug|x64
		{CDF36204-5DF0-4518-AA6A-5DF1CE842879}.Debug|x64.Build.0 = Debug|x64
		{CDF36204-5DF0-4518-AA6A-5DF1CE842879}.Debug|x86.ActiveCfg = Debug|Win32
		{CDF36204-5DF0-4518-AA6A-5DF1CE842879}.Debug|x86.Build.0 = Debug|Win32
		{CDF36204-5DF0-4518-AA6A-5DF1CE842879}.Release|x64.ActiveCfg = Release|x64
		{CDF36204-5DF0-4518-AA6A-5DF1CE842879}.Release|x64.Build.0 = Release|x64
		{CDF36204-5DF0-4518-AA6A-5DF1CE842879}.Release|x86.ActiveCfg = Release|Win32
		{CDF36204-5DF0-4518-AA6A-5DF1CE842879}.Release|x86.Build.0 = Release|Win32
		{F4BA804D-86FC-4188-B70A-B163E46626E3}.Debug|x64.ActiveCfg = Debug|x64
		{F4BA804D-86FC-4188-B70A-B163E46626E3}.Debug|x64.Build.0 = Debug|x64
		{F4BA804D-86FC-4188-B70A-B163E46626E3}.Debug|x86.ActiveCfg = Debug|Win32
		{F4BA804D-86FC-4188-B70A-B163E46626E3}.Debug|x86.Build.0 = Debug|Win32
		{F4BA804D-86FC-4188-B70A-B163E46626E3}.Release|x64.ActiveCfg = Release|x64
		{F4BA804D-86FC-4188-B70A-B163E46626E3}.Release|x64.Build.0 = Release|x64
		{F4BA804D-86FC-4188-B70A-B163E46626E3}.Release|x86.ActiveCfg = Release|Win32
		{F4BA804D-86FC-4188-B70A-B163E46626E3}.Release|x86.Build.0 = Release|Win32
	EndGlobalSection
	GlobalSection(SolutionProperties) = preSolution
		HideSolutionNode = FALSE
	EndGlobalSection
	GlobalSection(NestedProjects) = preSolution
		{86AE8B0A-3D31-47D8-A9A1-8F5ADF4674A7} = {6BCF9F93-9064-4FD8-9ABA-7F43400C849E}
		{A0E1DD8D-72E3-4ED5-8490-0D4419E3F86F} = {79FEF35E-B870-4E39-96E0-6D3D7B1531E9}
		{56902D4D-AFAB-44E9-9C22-03D6676967BF} = {AC549C44-78EB-4F06-858F-D3C454AEDB51}
		{30CDFD03-5D37-46D5-BD00-DBFA3300DB52} = {D7FF18CF-D334-46BB-A057-0F1AD778658C}
		{4E593C95-BD22-428B-96D0-A99A801DCB4A} = {157A680F-086D-4232-943B-C992542AF5C7}
		{933123EE-211F-477D-A2D9-16FA9AB08FE1} = {79FEF35E-B870-4E39-96E0-6D3D7B1531E9}
		{D77B18E4-1140-43BD-AFD3-80AD3D7463E2} = {8A660852-423F-41FC-B7FD-2F8BCF137F01}
		{70A781BA-B6AD-4F7F-91E3-EF4A69A5943E} = {0DC79EB8-E171-4BA3-9FD8-FB339CC81F4F}
		{CDF36204-5DF0-4518-AA6A-5DF1CE842879} = {C5E0577C-DBF1-43E6-81BF-20E47812EC26}
		{F4BA804D-86FC-4188-B70A-B163E46626E3} = {3ECBA3ED-7606-4088-84E4-911BCBF667A8}
	EndGlobalSection
	GlobalSection(ExtensibilityGlobals) = postSolution
		SolutionGuid = {33990303-2631-4A00-8291-507CD9B556C2}
	EndGlobalSection
EndGlobal
